// !$*UTF8*$!
{
	archiveVersion = 1;
	classes = {
	};
	objectVersion = 50;
	objects = {

/* Begin PBXBuildFile section */
		6407BC2E22735725000D343E /* Note+Extension.swift in Sources */ = {isa = PBXBuildFile; fileRef = 6407BC2D22735725000D343E /* Note+Extension.swift */; };
		6407BC3322758933000D343E /* UIColor+Extension.swift in Sources */ = {isa = PBXBuildFile; fileRef = 6407BC3222758933000D343E /* UIColor+Extension.swift */; };
		641169132277244D00CECFD1 /* PagingTableView.swift in Sources */ = {isa = PBXBuildFile; fileRef = 641169122277244D00CECFD1 /* PagingTableView.swift */; };
		64116915227824C500CECFD1 /* UITableView+Extension.swift in Sources */ = {isa = PBXBuildFile; fileRef = 64116914227824C500CECFD1 /* UITableView+Extension.swift */; };
		641EE58A2272266B00C3606B /* AppDelegate.swift in Sources */ = {isa = PBXBuildFile; fileRef = 641EE5892272266B00C3606B /* AppDelegate.swift */; };
		641EE58F2272266B00C3606B /* Main.storyboard in Resources */ = {isa = PBXBuildFile; fileRef = 641EE58D2272266B00C3606B /* Main.storyboard */; };
		641EE5912272266C00C3606B /* Assets.xcassets in Resources */ = {isa = PBXBuildFile; fileRef = 641EE5902272266C00C3606B /* Assets.xcassets */; };
		641EE5942272266C00C3606B /* LaunchScreen.storyboard in Resources */ = {isa = PBXBuildFile; fileRef = 641EE5922272266C00C3606B /* LaunchScreen.storyboard */; };
		641EE59C2272C09E00C3606B /* MainViewController.swift in Sources */ = {isa = PBXBuildFile; fileRef = 641EE59B2272C09E00C3606B /* MainViewController.swift */; };
		641EE59E2272C11C00C3606B /* NoteTableViewCell.swift in Sources */ = {isa = PBXBuildFile; fileRef = 641EE59D2272C11C00C3606B /* NoteTableViewCell.swift */; };
		641EE5A22272F15B00C3606B /* CreateNoteViewController.swift in Sources */ = {isa = PBXBuildFile; fileRef = 641EE5A12272F15B00C3606B /* CreateNoteViewController.swift */; };
		64BDC19122733D5F00F0A8D5 /* CoreDataStack.swift in Sources */ = {isa = PBXBuildFile; fileRef = 64BDC19022733D5F00F0A8D5 /* CoreDataStack.swift */; };
		64BDC194227342C300F0A8D5 /* NotesKepper.xcdatamodeld in Sources */ = {isa = PBXBuildFile; fileRef = 64BDC192227342C300F0A8D5 /* NotesKepper.xcdatamodeld */; };
		64F9B04E227999F800ED7ADC /* NotesList.swift in Sources */ = {isa = PBXBuildFile; fileRef = 64F9B04D227999F800ED7ADC /* NotesList.swift */; };
/* End PBXBuildFile section */

/* Begin PBXFileReference section */
		6407BC2D22735725000D343E /* Note+Extension.swift */ = {isa = PBXFileReference; lastKnownFileType = sourcecode.swift; path = "Note+Extension.swift"; sourceTree = "<group>"; };
		6407BC3222758933000D343E /* UIColor+Extension.swift */ = {isa = PBXFileReference; lastKnownFileType = sourcecode.swift; path = "UIColor+Extension.swift"; sourceTree = "<group>"; };
		641169122277244D00CECFD1 /* PagingTableView.swift */ = {isa = PBXFileReference; lastKnownFileType = sourcecode.swift; path = PagingTableView.swift; sourceTree = "<group>"; };
		64116914227824C500CECFD1 /* UITableView+Extension.swift */ = {isa = PBXFileReference; lastKnownFileType = sourcecode.swift; path = "UITableView+Extension.swift"; sourceTree = "<group>"; };
		641EE5862272266B00C3606B /* NotesKeeper.app */ = {isa = PBXFileReference; explicitFileType = wrapper.application; includeInIndex = 0; path = NotesKeeper.app; sourceTree = BUILT_PRODUCTS_DIR; };
		641EE5892272266B00C3606B /* AppDelegate.swift */ = {isa = PBXFileReference; lastKnownFileType = sourcecode.swift; path = AppDelegate.swift; sourceTree = "<group>"; };
		641EE58E2272266B00C3606B /* Base */ = {isa = PBXFileReference; lastKnownFileType = file.storyboard; name = Base; path = Base.lproj/Main.storyboard; sourceTree = "<group>"; };
		641EE5902272266C00C3606B /* Assets.xcassets */ = {isa = PBXFileReference; lastKnownFileType = folder.assetcatalog; path = Assets.xcassets; sourceTree = "<group>"; };
		641EE5932272266C00C3606B /* Base */ = {isa = PBXFileReference; lastKnownFileType = file.storyboard; name = Base; path = Base.lproj/LaunchScreen.storyboard; sourceTree = "<group>"; };
		641EE5952272266C00C3606B /* Info.plist */ = {isa = PBXFileReference; lastKnownFileType = text.plist.xml; path = Info.plist; sourceTree = "<group>"; };
		641EE59B2272C09E00C3606B /* MainViewController.swift */ = {isa = PBXFileReference; lastKnownFileType = sourcecode.swift; name = MainViewController.swift; path = ../../MainViewController.swift; sourceTree = "<group>"; };
		641EE59D2272C11C00C3606B /* NoteTableViewCell.swift */ = {isa = PBXFileReference; lastKnownFileType = sourcecode.swift; path = NoteTableViewCell.swift; sourceTree = "<group>"; };
		641EE5A12272F15B00C3606B /* CreateNoteViewController.swift */ = {isa = PBXFileReference; lastKnownFileType = sourcecode.swift; name = CreateNoteViewController.swift; path = ../CreateNoteViewController.swift; sourceTree = "<group>"; };
		64BDC19022733D5F00F0A8D5 /* CoreDataStack.swift */ = {isa = PBXFileReference; lastKnownFileType = sourcecode.swift; path = CoreDataStack.swift; sourceTree = "<group>"; };
		64BDC193227342C300F0A8D5 /* NotesKepper.xcdatamodel */ = {isa = PBXFileReference; lastKnownFileType = wrapper.xcdatamodel; path = NotesKepper.xcdatamodel; sourceTree = "<group>"; };
		64F9B04D227999F800ED7ADC /* NotesList.swift */ = {isa = PBXFileReference; lastKnownFileType = sourcecode.swift; path = NotesList.swift; sourceTree = "<group>"; };
/* End PBXFileReference section */

/* Begin PBXFrameworksBuildPhase section */
		641EE5832272266B00C3606B /* Frameworks */ = {
			isa = PBXFrameworksBuildPhase;
			buildActionMask = 2147483647;
			files = (
			);
			runOnlyForDeploymentPostprocessing = 0;
		};
/* End PBXFrameworksBuildPhase section */

/* Begin PBXGroup section */
		6407BC3122757A81000D343E /* Extensions */ = {
			isa = PBXGroup;
			children = (
				6407BC3222758933000D343E /* UIColor+Extension.swift */,
				64116914227824C500CECFD1 /* UITableView+Extension.swift */,
			);
			path = Extensions;
			sourceTree = "<group>";
		};
		641EE57D2272266B00C3606B = {
			isa = PBXGroup;
			children = (
				641EE5882272266B00C3606B /* NotesKeeper */,
				641EE5872272266B00C3606B /* Products */,
			);
			sourceTree = "<group>";
		};
		641EE5872272266B00C3606B /* Products */ = {
			isa = PBXGroup;
			children = (
				641EE5862272266B00C3606B /* NotesKeeper.app */,
			);
			name = Products;
			sourceTree = "<group>";
		};
		641EE5882272266B00C3606B /* NotesKeeper */ = {
			isa = PBXGroup;
			children = (
				641EE5892272266B00C3606B /* AppDelegate.swift */,
				641EE5A32272F16B00C3606B /* ViewControllers */,
				64964AEF2272F21800EF3A4E /* Views */,
				64FAB67D22730B7A000CEADA /* Data */,
				64964AF02272F22800EF3A4E /* Resources */,
				6407BC3122757A81000D343E /* Extensions */,
				641EE5952272266C00C3606B /* Info.plist */,
			);
			path = NotesKeeper;
			sourceTree = "<group>";
		};
		641EE5A32272F16B00C3606B /* ViewControllers */ = {
			isa = PBXGroup;
			children = (
				641EE59B2272C09E00C3606B /* MainViewController.swift */,
				641EE5A12272F15B00C3606B /* CreateNoteViewController.swift */,
			);
			path = ViewControllers;
			sourceTree = "<group>";
		};
		64964AEF2272F21800EF3A4E /* Views */ = {
			isa = PBXGroup;
			children = (
				641EE59D2272C11C00C3606B /* NoteTableViewCell.swift */,
				641169122277244D00CECFD1 /* PagingTableView.swift */,
			);
			path = Views;
			sourceTree = "<group>";
		};
		64964AF02272F22800EF3A4E /* Resources */ = {
			isa = PBXGroup;
			children = (
				641EE58D2272266B00C3606B /* Main.storyboard */,
				641EE5902272266C00C3606B /* Assets.xcassets */,
				641EE5922272266C00C3606B /* LaunchScreen.storyboard */,
			);
			path = Resources;
			sourceTree = "<group>";
		};
		64FAB67D22730B7A000CEADA /* Data */ = {
			isa = PBXGroup;
			children = (
				64F9B04D227999F800ED7ADC /* NotesList.swift */,
				6407BC2D22735725000D343E /* Note+Extension.swift */,
				64BDC19022733D5F00F0A8D5 /* CoreDataStack.swift */,
				64BDC192227342C300F0A8D5 /* NotesKepper.xcdatamodeld */,
			);
			path = Data;
			sourceTree = "<group>";
		};
/* End PBXGroup section */

/* Begin PBXNativeTarget section */
		641EE5852272266B00C3606B /* NotesKeeper */ = {
			isa = PBXNativeTarget;
			buildConfigurationList = 641EE5982272266C00C3606B /* Build configuration list for PBXNativeTarget "NotesKeeper" */;
			buildPhases = (
				641EE5822272266B00C3606B /* Sources */,
				641EE5832272266B00C3606B /* Frameworks */,
				641EE5842272266B00C3606B /* Resources */,
			);
			buildRules = (
			);
			dependencies = (
			);
			name = NotesKeeper;
			productName = NotesKeeper;
			productReference = 641EE5862272266B00C3606B /* NotesKeeper.app */;
			productType = "com.apple.product-type.application";
		};
/* End PBXNativeTarget section */

/* Begin PBXProject section */
		641EE57E2272266B00C3606B /* Project object */ = {
			isa = PBXProject;
			attributes = {
				LastSwiftUpdateCheck = 1020;
				LastUpgradeCheck = 1020;
				ORGANIZATIONNAME = "Stas Shetko";
				TargetAttributes = {
					641EE5852272266B00C3606B = {
						CreatedOnToolsVersion = 10.2.1;
					};
				};
			};
			buildConfigurationList = 641EE5812272266B00C3606B /* Build configuration list for PBXProject "NotesKeeper" */;
			compatibilityVersion = "Xcode 9.3";
			developmentRegion = en;
			hasScannedForEncodings = 0;
			knownRegions = (
				en,
				Base,
			);
			mainGroup = 641EE57D2272266B00C3606B;
			productRefGroup = 641EE5872272266B00C3606B /* Products */;
			projectDirPath = "";
			projectRoot = "";
			targets = (
				641EE5852272266B00C3606B /* NotesKeeper */,
			);
		};
/* End PBXProject section */

/* Begin PBXResourcesBuildPhase section */
		641EE5842272266B00C3606B /* Resources */ = {
			isa = PBXResourcesBuildPhase;
			buildActionMask = 2147483647;
			files = (
				641EE5942272266C00C3606B /* LaunchScreen.storyboard in Resources */,
				641EE5912272266C00C3606B /* Assets.xcassets in Resources */,
				641EE58F2272266B00C3606B /* Main.storyboard in Resources */,
			);
			runOnlyForDeploymentPostprocessing = 0;
		};
/* End PBXResourcesBuildPhase section */

/* Begin PBXSourcesBuildPhase section */
		641EE5822272266B00C3606B /* Sources */ = {
			isa = PBXSourcesBuildPhase;
			buildActionMask = 2147483647;
			files = (
				641EE58A2272266B00C3606B /* AppDelegate.swift in Sources */,
				64F9B04E227999F800ED7ADC /* NotesList.swift in Sources */,
				641EE59C2272C09E00C3606B /* MainViewController.swift in Sources */,
				64BDC194227342C300F0A8D5 /* NotesKepper.xcdatamodeld in Sources */,
				641EE5A22272F15B00C3606B /* CreateNoteViewController.swift in Sources */,
				641169132277244D00CECFD1 /* PagingTableView.swift in Sources */,
				64BDC19122733D5F00F0A8D5 /* CoreDataStack.swift in Sources */,
				6407BC2E22735725000D343E /* Note+Extension.swift in Sources */,
				641EE59E2272C11C00C3606B /* NoteTableViewCell.swift in Sources */,
				6407BC3322758933000D343E /* UIColor+Extension.swift in Sources */,
				64116915227824C500CECFD1 /* UITableView+Extension.swift in Sources */,
			);
			runOnlyForDeploymentPostprocessing = 0;
		};
/* End PBXSourcesBuildPhase section */

/* Begin PBXVariantGroup section */
		641EE58D2272266B00C3606B /* Main.storyboard */ = {
			isa = PBXVariantGroup;
			children = (
				641EE58E2272266B00C3606B /* Base */,
			);
			name = Main.storyboard;
			sourceTree = "<group>";
		};
		641EE5922272266C00C3606B /* LaunchScreen.storyboard */ = {
			isa = PBXVariantGroup;
			children = (
				641EE5932272266C00C3606B /* Base */,
			);
			name = LaunchScreen.storyboard;
			sourceTree = "<group>";
		};
/* End PBXVariantGroup section */

/* Begin XCBuildConfiguration section */
		641EE5962272266C00C3606B /* Debug */ = {
			isa = XCBuildConfiguration;
			buildSettings = {
				ALWAYS_SEARCH_USER_PATHS = NO;
				CLANG_ANALYZER_NONNULL = YES;
				CLANG_ANALYZER_NUMBER_OBJECT_CONVERSION = YES_AGGRESSIVE;
				CLANG_CXX_LANGUAGE_STANDARD = "gnu++14";
				CLANG_CXX_LIBRARY = "libc++";
				CLANG_ENABLE_MODULES = YES;
				CLANG_ENABLE_OBJC_ARC = YES;
				CLANG_ENABLE_OBJC_WEAK = YES;
				CLANG_WARN_BLOCK_CAPTURE_AUTORELEASING = YES;
				CLANG_WARN_BOOL_CONVERSION = YES;
				CLANG_WARN_COMMA = YES;
				CLANG_WARN_CONSTANT_CONVERSION = YES;
				CLANG_WARN_DEPRECATED_OBJC_IMPLEMENTATIONS = YES;
				CLANG_WARN_DIRECT_OBJC_ISA_USAGE = YES_ERROR;
				CLANG_WARN_DOCUMENTATION_COMMENTS = YES;
				CLANG_WARN_EMPTY_BODY = YES;
				CLANG_WARN_ENUM_CONVERSION = YES;
				CLANG_WARN_INFINITE_RECURSION = YES;
				CLANG_WARN_INT_CONVERSION = YES;
				CLANG_WARN_NON_LITERAL_NULL_CONVERSION = YES;
				CLANG_WARN_OBJC_IMPLICIT_RETAIN_SELF = YES;
				CLANG_WARN_OBJC_LITERAL_CONVERSION = YES;
				CLANG_WARN_OBJC_ROOT_CLASS = YES_ERROR;
				CLANG_WARN_RANGE_LOOP_ANALYSIS = YES;
				CLANG_WARN_STRICT_PROTOTYPES = YES;
				CLANG_WARN_SUSPICIOUS_MOVE = YES;
				CLANG_WARN_UNGUARDED_AVAILABILITY = YES_AGGRESSIVE;
				CLANG_WARN_UNREACHABLE_CODE = YES;
				CLANG_WARN__DUPLICATE_METHOD_MATCH = YES;
				CODE_SIGN_IDENTITY = "iPhone Developer";
				COPY_PHASE_STRIP = NO;
				DEBUG_INFORMATION_FORMAT = dwarf;
				ENABLE_STRICT_OBJC_MSGSEND = YES;
				ENABLE_TESTABILITY = YES;
				GCC_C_LANGUAGE_STANDARD = gnu11;
				GCC_DYNAMIC_NO_PIC = NO;
				GCC_NO_COMMON_BLOCKS = YES;
				GCC_OPTIMIZATION_LEVEL = 0;
				GCC_PREPROCESSOR_DEFINITIONS = (
					"DEBUG=1",
					"$(inherited)",
				);
				GCC_WARN_64_TO_32_BIT_CONVERSION = YES;
				GCC_WARN_ABOUT_RETURN_TYPE = YES_ERROR;
				GCC_WARN_UNDECLARED_SELECTOR = YES;
				GCC_WARN_UNINITIALIZED_AUTOS = YES_AGGRESSIVE;
				GCC_WARN_UNUSED_FUNCTION = YES;
				GCC_WARN_UNUSED_VARIABLE = YES;
				IPHONEOS_DEPLOYMENT_TARGET = 11.0;
				MTL_ENABLE_DEBUG_INFO = INCLUDE_SOURCE;
				MTL_FAST_MATH = YES;
				ONLY_ACTIVE_ARCH = YES;
				SDKROOT = iphoneos;
				SWIFT_ACTIVE_COMPILATION_CONDITIONS = DEBUG;
				SWIFT_OPTIMIZATION_LEVEL = "-Onone";
			};
			name = Debug;
		};
		641EE5972272266C00C3606B /* Release */ = {
			isa = XCBuildConfiguration;
			buildSettings = {
				ALWAYS_SEARCH_USER_PATHS = NO;
				CLANG_ANALYZER_NONNULL = YES;
				CLANG_ANALYZER_NUMBER_OBJECT_CONVERSION = YES_AGGRESSIVE;
				CLANG_CXX_LANGUAGE_STANDARD = "gnu++14";
				CLANG_CXX_LIBRARY = "libc++";
				CLANG_ENABLE_MODULES = YES;
				CLANG_ENABLE_OBJC_ARC = YES;
				CLANG_ENABLE_OBJC_WEAK = YES;
				CLANG_WARN_BLOCK_CAPTURE_AUTORELEASING = YES;
				CLANG_WARN_BOOL_CONVERSION = YES;
				CLANG_WARN_COMMA = YES;
				CLANG_WARN_CONSTANT_CONVERSION = YES;
				CLANG_WARN_DEPRECATED_OBJC_IMPLEMENTATIONS = YES;
				CLANG_WARN_DIRECT_OBJC_ISA_USAGE = YES_ERROR;
				CLANG_WARN_DOCUMENTATION_COMMENTS = YES;
				CLANG_WARN_EMPTY_BODY = YES;
				CLANG_WARN_ENUM_CONVERSION = YES;
				CLANG_WARN_INFINITE_RECURSION = YES;
				CLANG_WARN_INT_CONVERSION = YES;
				CLANG_WARN_NON_LITERAL_NULL_CONVERSION = YES;
				CLANG_WARN_OBJC_IMPLICIT_RETAIN_SELF = YES;
				CLANG_WARN_OBJC_LITERAL_CONVERSION = YES;
				CLANG_WARN_OBJC_ROOT_CLASS = YES_ERROR;
				CLANG_WARN_RANGE_LOOP_ANALYSIS = YES;
				CLANG_WARN_STRICT_PROTOTYPES = YES;
				CLANG_WARN_SUSPICIOUS_MOVE = YES;
				CLANG_WARN_UNGUARDED_AVAILABILITY = YES_AGGRESSIVE;
				CLANG_WARN_UNREACHABLE_CODE = YES;
				CLANG_WARN__DUPLICATE_METHOD_MATCH = YES;
				CODE_SIGN_IDENTITY = "iPhone Developer";
				COPY_PHASE_STRIP = NO;
				DEBUG_INFORMATION_FORMAT = "dwarf-with-dsym";
				ENABLE_NS_ASSERTIONS = NO;
				ENABLE_STRICT_OBJC_MSGSEND = YES;
				GCC_C_LANGUAGE_STANDARD = gnu11;
				GCC_NO_COMMON_BLOCKS = YES;
				GCC_WARN_64_TO_32_BIT_CONVERSION = YES;
				GCC_WARN_ABOUT_RETURN_TYPE = YES_ERROR;
				GCC_WARN_UNDECLARED_SELECTOR = YES;
				GCC_WARN_UNINITIALIZED_AUTOS = YES_AGGRESSIVE;
				GCC_WARN_UNUSED_FUNCTION = YES;
				GCC_WARN_UNUSED_VARIABLE = YES;
				IPHONEOS_DEPLOYMENT_TARGET = 11.0;
				MTL_ENABLE_DEBUG_INFO = NO;
				MTL_FAST_MATH = YES;
				SDKROOT = iphoneos;
				SWIFT_COMPILATION_MODE = wholemodule;
				SWIFT_OPTIMIZATION_LEVEL = "-O";
				VALIDATE_PRODUCT = YES;
			};
			name = Release;
		};
		641EE5992272266C00C3606B /* Debug */ = {
			isa = XCBuildConfiguration;
			buildSettings = {
				ASSETCATALOG_COMPILER_APPICON_NAME = AppIcon;
				CODE_SIGN_IDENTITY = "iPhone Developer";
				CODE_SIGN_STYLE = Automatic;
				DEVELOPMENT_TEAM = N79P374CLG;
				INFOPLIST_FILE = NotesKeeper/Info.plist;
				IPHONEOS_DEPLOYMENT_TARGET = 11.0;
				LD_RUNPATH_SEARCH_PATHS = (
					"$(inherited)",
					"@executable_path/Frameworks",
				);
				PRODUCT_BUNDLE_IDENTIFIER = com.stasshetko.NotesKeeper;
				PRODUCT_NAME = "$(TARGET_NAME)";
				PROVISIONING_PROFILE_SPECIFIER = "";
				SWIFT_VERSION = 5.0;
				TARGETED_DEVICE_FAMILY = "1,2";
			};
			name = Debug;
		};
		641EE59A2272266C00C3606B /* Release */ = {
			isa = XCBuildConfiguration;
			buildSettings = {
				ASSETCATALOG_COMPILER_APPICON_NAME = AppIcon;
				CODE_SIGN_IDENTITY = "iPhone Developer";
				CODE_SIGN_STYLE = Automatic;
				DEVELOPMENT_TEAM = N79P374CLG;
				INFOPLIST_FILE = NotesKeeper/Info.plist;
				IPHONEOS_DEPLOYMENT_TARGET = 11.0;
				LD_RUNPATH_SEARCH_PATHS = (
					"$(inherited)",
					"@executable_path/Frameworks",
				);
				PRODUCT_BUNDLE_IDENTIFIER = com.stasshetko.NotesKeeper;
				PRODUCT_NAME = "$(TARGET_NAME)";
				PROVISIONING_PROFILE_SPECIFIER = "";
				SWIFT_VERSION = 5.0;
				TARGETED_DEVICE_FAMILY = "1,2";
			};
			name = Release;
		};
/* End XCBuildConfiguration section */

/* Begin XCConfigurationList section */
		641EE5812272266B00C3606B /* Build configuration list for PBXProject "NotesKeeper" */ = {
			isa = XCConfigurationList;
			buildConfigurations = (
				641EE5962272266C00C3606B /* Debug */,
				641EE5972272266C00C3606B /* Release */,
			);
			defaultConfigurationIsVisible = 0;
			defaultConfigurationName = Release;
		};
		641EE5982272266C00C3606B /* Build configuration list for PBXNativeTarget "NotesKeeper" */ = {
			isa = XCConfigurationList;
			buildConfigurations = (
				641EE5992272266C00C3606B /* Debug */,
				641EE59A2272266C00C3606B /* Release */,
			);
			defaultConfigurationIsVisible = 0;
			defaultConfigurationName = Release;
		};
/* End XCConfigurationList section */

/* Begin XCVersionGroup section */
		64BDC192227342C300F0A8D5 /* NotesKepper.xcdatamodeld */ = {
			isa = XCVersionGroup;
			children = (
				64BDC193227342C300F0A8D5 /* NotesKepper.xcdatamodel */,
			);
			currentVersion = 64BDC193227342C300F0A8D5 /* NotesKepper.xcdatamodel */;
			path = NotesKepper.xcdatamodeld;
			sourceTree = "<group>";
			versionGroupType = wrapper.xcdatamodel;
		};
/* End XCVersionGroup section */
	};
	rootObject = 641EE57E2272266B00C3606B /* Project object */;
}
